
Microsoft Visual Studio Solution File, Format Version 12.00
# Visual Studio Version 17
VisualStudioVersion = 17.5.33502.453
MinimumVisualStudioVersion = 10.0.40219.1
Project("{FAE04EC0-301F-11D3-BF4B-00C04F79EFBC}") = "ConsoleApp1", "ConsoleApp1\ConsoleApp1.csproj", "{F1E62DB6-ECDD-43F8-834C-BE8D7B1CF4DA}"
EndProject
Global
	GlobalSection(SolutionConfigurationPlatforms) = preSolution
		Debug|Any CPU = Debug|Any CPU
		Release|Any CPU = Release|Any CPU
	EndGlobalSection
	GlobalSection(ProjectConfigurationPlatforms) = postSolution
		{F1E62DB6-ECDD-43F8-834C-BE8D7B1CF4DA}.Debug|Any CPU.ActiveCfg = Debug|Any CPU
		{F1E62DB6-ECDD-43F8-834C-BE8D7B1CF4DA}.Debug|Any CPU.Build.0 = Debug|Any CPU
		{F1E62DB6-ECDD-43F8-834C-BE8D7B1CF4DA}.Release|Any CPU.ActiveCfg = Release|Any CPU
		{F1E62DB6-ECDD-43F8-834C-BE8D7B1CF4DA}.Release|Any CPU.Build.0 = Release|Any CPU
	EndGlobalSection
	GlobalSection(SolutionProperties) = preSolution
		HideSolutionNode = FALSE
	EndGlobalSection
	GlobalSection(ExtensibilityGlobals) = postSolution
		SolutionGuid = {CFFBC036-2822-4496-87F3-2BA39F76D8E1}
	EndGlobalSection
EndGlobal
